
Microsoft Visual Studio Solution File, Format Version 12.00
# Visual Studio Version 17
VisualStudioVersion = 17.3.32519.111
MinimumVisualStudioVersion = 10.0.40219.1
Project("{FAE04EC0-301F-11D3-BF4B-00C04F79EFBC}") = "BankApplication", "BankApplication\BankApplication.csproj", "{F67740F0-CD89-4756-9D8E-2CF2249F84D2}"
EndProject
Project("{FAE04EC0-301F-11D3-BF4B-00C04F79EFBC}") = "BankApi", "BankApi\BankApi.csproj", "{58C2C73F-C53D-4A29-9C87-C99971F83657}"
EndProject
Global
	GlobalSection(SolutionConfigurationPlatforms) = preSolution
		Debug|Any CPU = Debug|Any CPU
		Release|Any CPU = Release|Any CPU
	EndGlobalSection
	GlobalSection(ProjectConfigurationPlatforms) = postSolution
		{F67740F0-CD89-4756-9D8E-2CF2249F84D2}.Debug|Any CPU.ActiveCfg = Debug|Any CPU
		{F67740F0-CD89-4756-9D8E-2CF2249F84D2}.Debug|Any CPU.Build.0 = Debug|Any CPU
		{F67740F0-CD89-4756-9D8E-2CF2249F84D2}.Release|Any CPU.ActiveCfg = Release|Any CPU
		{F67740F0-CD89-4756-9D8E-2CF2249F84D2}.Release|Any CPU.Build.0 = Release|Any CPU
		{58C2C73F-C53D-4A29-9C87-C99971F83657}.Debug|Any CPU.ActiveCfg = Debug|Any CPU
		{58C2C73F-C53D-4A29-9C87-C99971F83657}.Debug|Any CPU.Build.0 = Debug|Any CPU
		{58C2C73F-C53D-4A29-9C87-C99971F83657}.Release|Any CPU.ActiveCfg = Release|Any CPU
		{58C2C73F-C53D-4A29-9C87-C99971F83657}.Release|Any CPU.Build.0 = Release|Any CPU
	EndGlobalSection
	GlobalSection(SolutionProperties) = preSolution
		HideSolutionNode = FALSE
	EndGlobalSection
	GlobalSection(ExtensibilityGlobals) = postSolution
		SolutionGuid = {FAC1E124-1AD4-4ED8-A891-CF8E5D49A84B}
	EndGlobalSection
EndGlobal
